// !$*UTF8*$!
{
	archiveVersion = 1;
	classes = {
	};
	objectVersion = 56;
	objects = {

/* Begin PBXBuildFile section */
		1A0000000000000000000011 /* PieSwitcherApp.swift in Sources */ = {isa = PBXBuildFile; fileRef = 1A0000000000000000000010 /* PieSwitcherApp.swift */; };
		1A0000000000000000000013 /* AboutView.swift in Sources */ = {isa = PBXBuildFile; fileRef = 1A0000000000000000000012 /* AboutView.swift */; };
		1A0000000000000000000017 /* PieSwitcherTests.swift in Sources */ = {isa = PBXBuildFile; fileRef = 1A0000000000000000000016 /* PieSwitcherTests.swift */; };
		1A0000000000000000000022 /* PermissionsManager.swift in Sources */ = {isa = PBXBuildFile; fileRef = 1A0000000000000000000021 /* PermissionsManager.swift */; };
		1A0000000000000000000024 /* AppDelegate.swift in Sources */ = {isa = PBXBuildFile; fileRef = 1A0000000000000000000023 /* AppDelegate.swift */; };
		1A0000000000000000000026 /* PreferencesView.swift in Sources */ = {isa = PBXBuildFile; fileRef = 1A0000000000000000000025 /* PreferencesView.swift */; };
		1A0000000000000000000028 /* PermissionsManagerTests.swift in Sources */ = {isa = PBXBuildFile; fileRef = 1A0000000000000000000027 /* PermissionsManagerTests.swift */; };
		1A000000000000000000002A /* WindowControl.swift in Sources */ = {isa = PBXBuildFile; fileRef = 1A0000000000000000000029 /* WindowControl.swift */; };
		1A000000000000000000002C /* WindowControlTests.swift in Sources */ = {isa = PBXBuildFile; fileRef = 1A000000000000000000002B /* WindowControlTests.swift */; };
		1A000000000000000000002E /* WindowEnumeration.swift in Sources */ = {isa = PBXBuildFile; fileRef = 1A000000000000000000002D /* WindowEnumeration.swift */; };
		1A0000000000000000000030 /* WindowEnumerationTests.swift in Sources */ = {isa = PBXBuildFile; fileRef = 1A000000000000000000002F /* WindowEnumerationTests.swift */; };
		1A0000000000000000000032 /* MenuModel.swift in Sources */ = {isa = PBXBuildFile; fileRef = 1A0000000000000000000031 /* MenuModel.swift */; };
		1A0000000000000000000034 /* MenuModelTests.swift in Sources */ = {isa = PBXBuildFile; fileRef = 1A0000000000000000000033 /* MenuModelTests.swift */; };
		1A0000000000000000000036 /* PermissionAlertWindow.swift in Sources */ = {isa = PBXBuildFile; fileRef = 1A0000000000000000000035 /* PermissionAlertWindow.swift */; };
		1A0000000000000000000038 /* PermissionAlertView.swift in Sources */ = {isa = PBXBuildFile; fileRef = 1A0000000000000000000037 /* PermissionAlertView.swift */; };
		1A000000000000000000003A /* PermissionAlertTests.swift in Sources */ = {isa = PBXBuildFile; fileRef = 1A0000000000000000000039 /* PermissionAlertTests.swift */; };
		1A000000000000000000003C /* RadialLayout.swift in Sources */ = {isa = PBXBuildFile; fileRef = 1A000000000000000000003B /* RadialLayout.swift */; };
		1A000000000000000000003E /* RadialMenuWindow.swift in Sources */ = {isa = PBXBuildFile; fileRef = 1A000000000000000000003D /* RadialMenuWindow.swift */; };
		1A0000000000000000000040 /* RadialMenuView.swift in Sources */ = {isa = PBXBuildFile; fileRef = 1A000000000000000000003F /* RadialMenuView.swift */; };
		1A0000000000000000000042 /* RadialLayoutTests.swift in Sources */ = {isa = PBXBuildFile; fileRef = 1A0000000000000000000041 /* RadialLayoutTests.swift */; };
		1A0000000000000000000044 /* MouseChordActivation.swift in Sources */ = {isa = PBXBuildFile; fileRef = 1A0000000000000000000043 /* MouseChordActivation.swift */; };
		1A00000000000000000000F6 /* MouseChordMonitor.swift in Sources */ = {isa = PBXBuildFile; fileRef = 1A00000000000000000000F5 /* MouseChordMonitor.swift */; };
		1A00000000000000000000F8 /* MouseActivation.swift in Sources */ = {isa = PBXBuildFile; fileRef = 1A00000000000000000000F7 /* MouseActivation.swift */; };
		1A00000000000000000000FA /* MouseActivationSettingsView.swift in Sources */ = {isa = PBXBuildFile; fileRef = 1A00000000000000000000F9 /* MouseActivationSettingsView.swift */; };
		1A00000000000000000000FC /* MouseChordMonitor+Timers.swift in Sources */ = {isa = PBXBuildFile; fileRef = 1A00000000000000000000FB /* MouseChordMonitor+Timers.swift */; };
		1A00000000000000000000FE /* MouseActivationConfigTests.swift in Sources */ = {isa = PBXBuildFile; fileRef = 1A00000000000000000000FD /* MouseActivationConfigTests.swift */; };
		1A0000000000000000000103 /* MouseChordMonitorLockTests.swift in Sources */ = {isa = PBXBuildFile; fileRef = 1A0000000000000000000104 /* MouseChordMonitorLockTests.swift */; };
		1A0000000000000000000046 /* MouseChordTests.swift in Sources */ = {isa = PBXBuildFile; fileRef = 1A0000000000000000000045 /* MouseChordTests.swift */; };
		1A0000000000000000000048 /* InteractionMode.swift in Sources */ = {isa = PBXBuildFile; fileRef = 1A0000000000000000000047 /* InteractionMode.swift */; };
		1A000000000000000000004A /* InteractionModeTests.swift in Sources */ = {isa = PBXBuildFile; fileRef = 1A0000000000000000000049 /* InteractionModeTests.swift */; };
		1A000000000000000000004C /* RadialNavigator.swift in Sources */ = {isa = PBXBuildFile; fileRef = 1A000000000000000000004B /* RadialNavigator.swift */; };
		1A000000000000000000004E /* RadialNavigatorTests.swift in Sources */ = {isa = PBXBuildFile; fileRef = 1A000000000000000000004D /* RadialNavigatorTests.swift */; };
		1A0000000000000000000050 /* WindowMemory.swift in Sources */ = {isa = PBXBuildFile; fileRef = 1A000000000000000000004F /* WindowMemory.swift */; };
		1A0000000000000000000052 /* WindowMemoryTests.swift in Sources */ = {isa = PBXBuildFile; fileRef = 1A0000000000000000000051 /* WindowMemoryTests.swift */; };
		1A0000000000000000000054 /* ModifierActivation.swift in Sources */ = {isa = PBXBuildFile; fileRef = 1A0000000000000000000053 /* ModifierActivation.swift */; };
		1A0000000000000000000056 /* ModifierActivationTests.swift in Sources */ = {isa = PBXBuildFile; fileRef = 1A0000000000000000000055 /* ModifierActivationTests.swift */; };
		1A0000000000000000000058 /* RadialNavigatorCommitTests.swift in Sources */ = {isa = PBXBuildFile; fileRef = 1A0000000000000000000057 /* RadialNavigatorCommitTests.swift */; };
		1A000000000000000000005A /* RevealState.swift in Sources */ = {isa = PBXBuildFile; fileRef = 1A0000000000000000000059 /* RevealState.swift */; };
		1A000000000000000000005C /* RevealStateTests.swift in Sources */ = {isa = PBXBuildFile; fileRef = 1A000000000000000000005B /* RevealStateTests.swift */; };
		1A000000000000000000005E /* RadialAppearance.swift in Sources */ = {isa = PBXBuildFile; fileRef = 1A000000000000000000005D /* RadialAppearance.swift */; };
		1A0000000000000000000060 /* RadialAppearanceTests.swift in Sources */ = {isa = PBXBuildFile; fileRef = 1A000000000000000000005F /* RadialAppearanceTests.swift */; };
		1A0000000000000000000062 /* LiveWindowSystem.swift in Sources */ = {isa = PBXBuildFile; fileRef = 1A0000000000000000000061 /* LiveWindowSystem.swift */; };
		1A0000000000000000000064 /* FakeWindowSystem.swift in Sources */ = {isa = PBXBuildFile; fileRef = 1A0000000000000000000063 /* FakeWindowSystem.swift */; };
		1A0000000000000000000066 /* RadialMenuControllerHoverTests.swift in Sources */ = {isa = PBXBuildFile; fileRef = 1A0000000000000000000065 /* RadialMenuControllerHoverTests.swift */; };
		1A0000000000000000000067 /* LaunchAtLogin.swift in Sources */ = {isa = PBXBuildFile; fileRef = 1A0000000000000000000068 /* LaunchAtLogin.swift */; };
		1A0000000000000000000069 /* LaunchAtLoginTests.swift in Sources */ = {isa = PBXBuildFile; fileRef = 1A000000000000000000006A /* LaunchAtLoginTests.swift */; };
		1A000000000000000000006D /* RevealStrategy.swift in Sources */ = {isa = PBXBuildFile; fileRef = 1A000000000000000000006E /* RevealStrategy.swift */; };
		1A0000000000000000000071 /* RevealStrategyTests.swift in Sources */ = {isa = PBXBuildFile; fileRef = 1A0000000000000000000072 /* RevealStrategyTests.swift */; };
		1A0000000000000000000074 /* RadialNavigatorFisheyeTests.swift in Sources */ = {isa = PBXBuildFile; fileRef = 1A0000000000000000000073 /* RadialNavigatorFisheyeTests.swift */; };
		1A0000000000000000000078 /* RadialNavigatorRetryTests.swift in Sources */ = {isa = PBXBuildFile; fileRef = 1A0000000000000000000077 /* RadialNavigatorRetryTests.swift */; };
		1A000000000000000000007A /* SortOrder.swift in Sources */ = {isa = PBXBuildFile; fileRef = 1A0000000000000000000079 /* SortOrder.swift */; };
		1A000000000000000000007C /* CuratedApps.swift in Sources */ = {isa = PBXBuildFile; fileRef = 1A000000000000000000007B /* CuratedApps.swift */; };
		1A000000000000000000007E /* CuratedAppsTests.swift in Sources */ = {isa = PBXBuildFile; fileRef = 1A000000000000000000007D /* CuratedAppsTests.swift */; };
		1A0000000000000000000080 /* MyAppsEditor.swift in Sources */ = {isa = PBXBuildFile; fileRef = 1A000000000000000000007F /* MyAppsEditor.swift */; };
		1A0000000000000000000082 /* AppLauncher.swift in Sources */ = {isa = PBXBuildFile; fileRef = 1A0000000000000000000081 /* AppLauncher.swift */; };
		1A0000000000000000000084 /* RadialNavigatorLaunchTests.swift in Sources */ = {isa = PBXBuildFile; fileRef = 1A0000000000000000000083 /* RadialNavigatorLaunchTests.swift */; };
		1A0000000000000000000086 /* MyAppsMenu.swift in Sources */ = {isa = PBXBuildFile; fileRef = 1A0000000000000000000085 /* MyAppsMenu.swift */; };
		1A0000000000000000000088 /* MyAppsMenuTests.swift in Sources */ = {isa = PBXBuildFile; fileRef = 1A0000000000000000000087 /* MyAppsMenuTests.swift */; };
		1A000000000000000000008A /* MyAppsMenuSortingTests.swift in Sources */ = {isa = PBXBuildFile; fileRef = 1A0000000000000000000089 /* MyAppsMenuSortingTests.swift */; };
		1A0000000000000000000100 /* MyAppsMenuDockSourceTests.swift in Sources */ = {isa = PBXBuildFile; fileRef = 1A00000000000000000000FF /* MyAppsMenuDockSourceTests.swift */; };
		1A0000000000000000000101 /* HoldProgressIndicator.swift in Sources */ = {isa = PBXBuildFile; fileRef = 1A0000000000000000000102 /* HoldProgressIndicator.swift */; };
		1A0000000000000000000105 /* KeyboardActivationSettingsView.swift in Sources */ = {isa = PBXBuildFile; fileRef = 1A0000000000000000000106 /* KeyboardActivationSettingsView.swift */; };
		1A0000000000000000000107 /* RevealSettingsView.swift in Sources */ = {isa = PBXBuildFile; fileRef = 1A0000000000000000000108 /* RevealSettingsView.swift */; };
		1A0000000000000000000109 /* DwellActivation.swift in Sources */ = {isa = PBXBuildFile; fileRef = 1A000000000000000000010A /* DwellActivation.swift */; };
		1A000000000000000000010B /* RadialMenuController+Dwell.swift in Sources */ = {isa = PBXBuildFile; fileRef = 1A000000000000000000010C /* RadialMenuController+Dwell.swift */; };
		1A000000000000000000010D /* DwellActivationSettingsView.swift in Sources */ = {isa = PBXBuildFile; fileRef = 1A000000000000000000010E /* DwellActivationSettingsView.swift */; };
		1A000000000000000000010F /* DwellActivationTests.swift in Sources */ = {isa = PBXBuildFile; fileRef = 1A0000000000000000000110 /* DwellActivationTests.swift */; };
		1A0000000000000000000111 /* RadialDwellOverlay.swift in Sources */ = {isa = PBXBuildFile; fileRef = 1A0000000000000000000112 /* RadialDwellOverlay.swift */; };
		1A0000000000000000000113 /* PreferencesLayout.swift in Sources */ = {isa = PBXBuildFile; fileRef = 1A0000000000000000000114 /* PreferencesLayout.swift */; };
		1A0000000000000000000115 /* MyAppsMenuFinderLastTests.swift in Sources */ = {isa = PBXBuildFile; fileRef = 1A0000000000000000000116 /* MyAppsMenuFinderLastTests.swift */; };
		1A0000000000000000000117 /* ActivationExclusionList.swift in Sources */ = {isa = PBXBuildFile; fileRef = 1A0000000000000000000118 /* ActivationExclusionList.swift */; };
		1A0000000000000000000119 /* ActivationExclusionSettingsView.swift in Sources */ = {isa = PBXBuildFile; fileRef = 1A000000000000000000011A /* ActivationExclusionSettingsView.swift */; };
		1A000000000000000000011B /* ActivationExclusionListTests.swift in Sources */ = {isa = PBXBuildFile; fileRef = 1A000000000000000000011C /* ActivationExclusionListTests.swift */; };
		1A0000000000000000000092 /* DockIconManager.swift in Sources */ = {isa = PBXBuildFile; fileRef = 1A0000000000000000000091 /* DockIconManager.swift */; };
		1A0000000000000000000094 /* DockIconManagerTests.swift in Sources */ = {isa = PBXBuildFile; fileRef = 1A0000000000000000000093 /* DockIconManagerTests.swift */; };
		1A00000000000000000000E2 /* RadialNavigatorSkipLevelTests.swift in Sources */ = {isa = PBXBuildFile; fileRef = 1A00000000000000000000E1 /* RadialNavigatorSkipLevelTests.swift */; };
		1A000000000000000000009C /* RadialMenuController.swift in Sources */ = {isa = PBXBuildFile; fileRef = 1A000000000000000000009B /* RadialMenuController.swift */; };
		1A000000000000000000009E /* RadialNavigator+Region.swift in Sources */ = {isa = PBXBuildFile; fileRef = 1A000000000000000000009D /* RadialNavigator+Region.swift */; };
		1A00000000000000000000A0 /* HideOnCommit.swift in Sources */ = {isa = PBXBuildFile; fileRef = 1A000000000000000000009F /* HideOnCommit.swift */; };
		1A00000000000000000000A2 /* HideOnCommitTests.swift in Sources */ = {isa = PBXBuildFile; fileRef = 1A00000000000000000000A1 /* HideOnCommitTests.swift */; };
		1A00000000000000000000A4 /* WindowControlling.swift in Sources */ = {isa = PBXBuildFile; fileRef = 1A00000000000000000000A3 /* WindowControlling.swift */; };
		1A00000000000000000000A6 /* WindowControlHideOnCommitTests.swift in Sources */ = {isa = PBXBuildFile; fileRef = 1A00000000000000000000A5 /* WindowControlHideOnCommitTests.swift */; };
		1A00000000000000000000A8 /* CollectionScope.swift in Sources */ = {isa = PBXBuildFile; fileRef = 1A00000000000000000000A7 /* CollectionScope.swift */; };
		1A00000000000000000000AA /* CollectionScopeTests.swift in Sources */ = {isa = PBXBuildFile; fileRef = 1A00000000000000000000A9 /* CollectionScopeTests.swift */; };
		1A00000000000000000000AC /* CollectionSettingsView.swift in Sources */ = {isa = PBXBuildFile; fileRef = 1A00000000000000000000AB /* CollectionSettingsView.swift */; };
		1A00000000000000000000AE /* WindowEnumeratorSpacesTests.swift in Sources */ = {isa = PBXBuildFile; fileRef = 1A00000000000000000000AD /* WindowEnumeratorSpacesTests.swift */; };
		1A00000000000000000000B0 /* CGWindowSource.swift in Sources */ = {isa = PBXBuildFile; fileRef = 1A00000000000000000000AF /* CGWindowSource.swift */; };
		1A00000000000000000000B2 /* SortingSettingsView.swift in Sources */ = {isa = PBXBuildFile; fileRef = 1A00000000000000000000B1 /* SortingSettingsView.swift */; };
		1A00000000000000000000B4 /* DockOrderTests.swift in Sources */ = {isa = PBXBuildFile; fileRef = 1A00000000000000000000B3 /* DockOrderTests.swift */; };
		1A00000000000000000000B5 /* ModifierHoldDelay.swift in Sources */ = {isa = PBXBuildFile; fileRef = 1A00000000000000000000B6 /* ModifierHoldDelay.swift */; };
		1A00000000000000000000B7 /* AppIgnoreList.swift in Sources */ = {isa = PBXBuildFile; fileRef = 1A00000000000000000000B8 /* AppIgnoreList.swift */; };
		1A00000000000000000000B9 /* IgnoreListSettingsView.swift in Sources */ = {isa = PBXBuildFile; fileRef = 1A00000000000000000000BA /* IgnoreListSettingsView.swift */; };
		1A00000000000000000000BB /* AppIgnoreListTests.swift in Sources */ = {isa = PBXBuildFile; fileRef = 1A00000000000000000000BC /* AppIgnoreListTests.swift */; };
		1A00000000000000000000BD /* SpaceSupport.swift in Sources */ = {isa = PBXBuildFile; fileRef = 1A00000000000000000000BE /* SpaceSupport.swift */; };
		1A00000000000000000000BF /* CrossSpaceTests.swift in Sources */ = {isa = PBXBuildFile; fileRef = 1A00000000000000000000C0 /* CrossSpaceTests.swift */; };
		1A00000000000000000000C1 /* TrackpadHaptics.swift in Sources */ = {isa = PBXBuildFile; fileRef = 1A00000000000000000000C2 /* TrackpadHaptics.swift */; };
		1A00000000000000000000C3 /* HapticFeedback.swift in Sources */ = {isa = PBXBuildFile; fileRef = 1A00000000000000000000C4 /* HapticFeedback.swift */; };
		1A00000000000000000000C5 /* TrackpadHapticsSettingsView.swift in Sources */ = {isa = PBXBuildFile; fileRef = 1A00000000000000000000C6 /* TrackpadHapticsSettingsView.swift */; };
		1A00000000000000000000C7 /* TrackpadHapticsTests.swift in Sources */ = {isa = PBXBuildFile; fileRef = 1A00000000000000000000C8 /* TrackpadHapticsTests.swift */; };
		1A00000000000000000000C9 /* RadialMenuController+Cursor.swift in Sources */ = {isa = PBXBuildFile; fileRef = 1A00000000000000000000CA /* RadialMenuController+Cursor.swift */; };
		1A00000000000000000000CB /* WindowRecords.swift in Sources */ = {isa = PBXBuildFile; fileRef = 1A00000000000000000000CC /* WindowRecords.swift */; };
		1A00000000000000000000CD /* WindowEnumeratorOnscreenValidationTests.swift in Sources */ = {isa = PBXBuildFile; fileRef = 1A00000000000000000000CE /* WindowEnumeratorOnscreenValidationTests.swift */; };
		1A00000000000000000000CF /* AppearanceSettingsView.swift in Sources */ = {isa = PBXBuildFile; fileRef = 1A00000000000000000000D0 /* AppearanceSettingsView.swift */; };
		1A00000000000000000000D1 /* KeyboardNavigation.swift in Sources */ = {isa = PBXBuildFile; fileRef = 1A00000000000000000000D2 /* KeyboardNavigation.swift */; };
		1A00000000000000000000D3 /* RadialNavigator+Keyboard.swift in Sources */ = {isa = PBXBuildFile; fileRef = 1A00000000000000000000D4 /* RadialNavigator+Keyboard.swift */; };
		1A00000000000000000000D5 /* RadialMenuController+Keyboard.swift in Sources */ = {isa = PBXBuildFile; fileRef = 1A00000000000000000000D6 /* RadialMenuController+Keyboard.swift */; };
		1A00000000000000000000D7 /* KeyboardNavMonitor.swift in Sources */ = {isa = PBXBuildFile; fileRef = 1A00000000000000000000D8 /* KeyboardNavMonitor.swift */; };
		1A00000000000000000000D9 /* KeyboardNavigationSettingsView.swift in Sources */ = {isa = PBXBuildFile; fileRef = 1A00000000000000000000DA /* KeyboardNavigationSettingsView.swift */; };
		1A00000000000000000000DB /* KeyboardNavigationTests.swift in Sources */ = {isa = PBXBuildFile; fileRef = 1A00000000000000000000DC /* KeyboardNavigationTests.swift */; };
		1A00000000000000000000DD /* RadialNavigatorKeyboardTests.swift in Sources */ = {isa = PBXBuildFile; fileRef = 1A00000000000000000000DE /* RadialNavigatorKeyboardTests.swift */; };
		1A00000000000000000000DF /* RadialNavigatorKeyboardFollowupTests.swift in Sources */ = {isa = PBXBuildFile; fileRef = 1A00000000000000000000E0 /* RadialNavigatorKeyboardFollowupTests.swift */; };
		1A00000000000000000000E3 /* RadialLayoutLabelWidthTests.swift in Sources */ = {isa = PBXBuildFile; fileRef = 1A00000000000000000000E4 /* RadialLayoutLabelWidthTests.swift */; };
		1A000000000000000000011E /* WindowEnumeratorTitleTests.swift in Sources */ = {isa = PBXBuildFile; fileRef = 1A000000000000000000011D /* WindowEnumeratorTitleTests.swift */; };
		1A0000000000000000000120 /* RadialAppearanceSplitLabelsTests.swift in Sources */ = {isa = PBXBuildFile; fileRef = 1A000000000000000000011F /* RadialAppearanceSplitLabelsTests.swift */; };
		1A00000000000000000000F1 /* SparkleUpdater.swift in Sources */ = {isa = PBXBuildFile; fileRef = 1A00000000000000000000F0 /* SparkleUpdater.swift */; };
		1A00000000000000000000F3 /* Sparkle in Frameworks */ = {isa = PBXBuildFile; productRef = 1A00000000000000000000F2 /* Sparkle */; };
		1A0000000000000000000121 /* KeyboardShortcut.swift in Sources */ = {isa = PBXBuildFile; fileRef = 1A0000000000000000000122 /* KeyboardShortcut.swift */; };
		1A0000000000000000000123 /* KeyboardShortcutMatching.swift in Sources */ = {isa = PBXBuildFile; fileRef = 1A0000000000000000000124 /* KeyboardShortcutMatching.swift */; };
		1A0000000000000000000125 /* KeyboardShortcutStorage.swift in Sources */ = {isa = PBXBuildFile; fileRef = 1A0000000000000000000126 /* KeyboardShortcutStorage.swift */; };
		1A0000000000000000000127 /* KeyboardShortcutCapture.swift in Sources */ = {isa = PBXBuildFile; fileRef = 1A0000000000000000000128 /* KeyboardShortcutCapture.swift */; };
		1A0000000000000000000129 /* KeyboardShortcutPickerView.swift in Sources */ = {isa = PBXBuildFile; fileRef = 1A000000000000000000012A /* KeyboardShortcutPickerView.swift */; };
		1A000000000000000000012B /* KeyboardShortcutTests.swift in Sources */ = {isa = PBXBuildFile; fileRef = 1A000000000000000000012C /* KeyboardShortcutTests.swift */; };
		1A000000000000000000012D /* KeyboardShortcutMigrationTests.swift in Sources */ = {isa = PBXBuildFile; fileRef = 1A000000000000000000012E /* KeyboardShortcutMigrationTests.swift */; };
		1A000000000000000000012F /* KeyboardShortcutParserTests.swift in Sources */ = {isa = PBXBuildFile; fileRef = 1A0000000000000000000130 /* KeyboardShortcutParserTests.swift */; };
		1A0000000000000000000131 /* OnboardingState.swift in Sources */ = {isa = PBXBuildFile; fileRef = 1A0000000000000000000132 /* OnboardingState.swift */; };
		1A0000000000000000000133 /* OnboardingMouseDetector.swift in Sources */ = {isa = PBXBuildFile; fileRef = 1A0000000000000000000134 /* OnboardingMouseDetector.swift */; };
		1A0000000000000000000135 /* OnboardingView.swift in Sources */ = {isa = PBXBuildFile; fileRef = 1A0000000000000000000136 /* OnboardingView.swift */; };
		1A0000000000000000000137 /* OnboardingWindow.swift in Sources */ = {isa = PBXBuildFile; fileRef = 1A0000000000000000000138 /* OnboardingWindow.swift */; };
		1A0000000000000000000139 /* OnboardingStateTests.swift in Sources */ = {isa = PBXBuildFile; fileRef = 1A000000000000000000013A /* OnboardingStateTests.swift */; };
		1A000000000000000000013B /* OnboardingMouseDetectorTests.swift in Sources */ = {isa = PBXBuildFile; fileRef = 1A000000000000000000013C /* OnboardingMouseDetectorTests.swift */; };
		1A000000000000000000013D /* OnboardingSuggestionsTests.swift in Sources */ = {isa = PBXBuildFile; fileRef = 1A000000000000000000013E /* OnboardingSuggestionsTests.swift */; };
		1A000000000000000000013F /* OnboardingSuggestion.swift in Sources */ = {isa = PBXBuildFile; fileRef = 1A0000000000000000000140 /* OnboardingSuggestion.swift */; };
/* End PBXBuildFile section */

/* Begin PBXContainerItemProxy section */
		1A000000000000000000001D /* PBXContainerItemProxy */ = {
			isa = PBXContainerItemProxy;
			containerPortal = 1A0000000000000000000001 /* Project object */;
			proxyType = 1;
			remoteGlobalIDString = 1A0000000000000000000005;
			remoteInfo = PieSwitcher;
		};
/* End PBXContainerItemProxy section */

/* Begin PBXFileReference section */
		1A0000000000000000000006 /* PieSwitcher.app */ = {isa = PBXFileReference; explicitFileType = wrapper.application; includeInIndex = 0; path = PieSwitcher.app; sourceTree = BUILT_PRODUCTS_DIR; };
		1A0000000000000000000010 /* PieSwitcherApp.swift */ = {isa = PBXFileReference; lastKnownFileType = sourcecode.swift; path = PieSwitcherApp.swift; sourceTree = "<group>"; };
		1A0000000000000000000012 /* AboutView.swift */ = {isa = PBXFileReference; lastKnownFileType = sourcecode.swift; path = AboutView.swift; sourceTree = "<group>"; };
		1A0000000000000000000014 /* PieSwitcherTests.xctest */ = {isa = PBXFileReference; explicitFileType = wrapper.cfbundle; includeInIndex = 0; path = PieSwitcherTests.xctest; sourceTree = BUILT_PRODUCTS_DIR; };
		1A0000000000000000000016 /* PieSwitcherTests.swift */ = {isa = PBXFileReference; lastKnownFileType = sourcecode.swift; path = PieSwitcherTests.swift; sourceTree = "<group>"; };
		1A0000000000000000000021 /* PermissionsManager.swift */ = {isa = PBXFileReference; lastKnownFileType = sourcecode.swift; path = PermissionsManager.swift; sourceTree = "<group>"; };
		1A0000000000000000000023 /* AppDelegate.swift */ = {isa = PBXFileReference; lastKnownFileType = sourcecode.swift; path = AppDelegate.swift; sourceTree = "<group>"; };
		1A0000000000000000000025 /* PreferencesView.swift */ = {isa = PBXFileReference; lastKnownFileType = sourcecode.swift; path = PreferencesView.swift; sourceTree = "<group>"; };
		1A0000000000000000000027 /* PermissionsManagerTests.swift */ = {isa = PBXFileReference; lastKnownFileType = sourcecode.swift; path = PermissionsManagerTests.swift; sourceTree = "<group>"; };
		1A0000000000000000000029 /* WindowControl.swift */ = {isa = PBXFileReference; lastKnownFileType = sourcecode.swift; path = WindowControl.swift; sourceTree = "<group>"; };
		1A000000000000000000002B /* WindowControlTests.swift */ = {isa = PBXFileReference; lastKnownFileType = sourcecode.swift; path = WindowControlTests.swift; sourceTree = "<group>"; };
		1A000000000000000000002D /* WindowEnumeration.swift */ = {isa = PBXFileReference; lastKnownFileType = sourcecode.swift; path = WindowEnumeration.swift; sourceTree = "<group>"; };
		1A000000000000000000002F /* WindowEnumerationTests.swift */ = {isa = PBXFileReference; lastKnownFileType = sourcecode.swift; path = WindowEnumerationTests.swift; sourceTree = "<group>"; };
		1A0000000000000000000031 /* MenuModel.swift */ = {isa = PBXFileReference; lastKnownFileType = sourcecode.swift; path = MenuModel.swift; sourceTree = "<group>"; };
		1A0000000000000000000033 /* MenuModelTests.swift */ = {isa = PBXFileReference; lastKnownFileType = sourcecode.swift; path = MenuModelTests.swift; sourceTree = "<group>"; };
		1A0000000000000000000035 /* PermissionAlertWindow.swift */ = {isa = PBXFileReference; lastKnownFileType = sourcecode.swift; path = PermissionAlertWindow.swift; sourceTree = "<group>"; };
		1A0000000000000000000037 /* PermissionAlertView.swift */ = {isa = PBXFileReference; lastKnownFileType = sourcecode.swift; path = PermissionAlertView.swift; sourceTree = "<group>"; };
		1A0000000000000000000039 /* PermissionAlertTests.swift */ = {isa = PBXFileReference; lastKnownFileType = sourcecode.swift; path = PermissionAlertTests.swift; sourceTree = "<group>"; };
		1A000000000000000000003B /* RadialLayout.swift */ = {isa = PBXFileReference; lastKnownFileType = sourcecode.swift; path = RadialLayout.swift; sourceTree = "<group>"; };
		1A000000000000000000003D /* RadialMenuWindow.swift */ = {isa = PBXFileReference; lastKnownFileType = sourcecode.swift; path = RadialMenuWindow.swift; sourceTree = "<group>"; };
		1A000000000000000000003F /* RadialMenuView.swift */ = {isa = PBXFileReference; lastKnownFileType = sourcecode.swift; path = RadialMenuView.swift; sourceTree = "<group>"; };
		1A0000000000000000000041 /* RadialLayoutTests.swift */ = {isa = PBXFileReference; lastKnownFileType = sourcecode.swift; path = RadialLayoutTests.swift; sourceTree = "<group>"; };
		1A0000000000000000000043 /* MouseChordActivation.swift */ = {isa = PBXFileReference; lastKnownFileType = sourcecode.swift; path = MouseChordActivation.swift; sourceTree = "<group>"; };
		1A00000000000000000000F5 /* MouseChordMonitor.swift */ = {isa = PBXFileReference; lastKnownFileType = sourcecode.swift; path = MouseChordMonitor.swift; sourceTree = "<group>"; };
		1A00000000000000000000F7 /* MouseActivation.swift */ = {isa = PBXFileReference; lastKnownFileType = sourcecode.swift; path = MouseActivation.swift; sourceTree = "<group>"; };
		1A00000000000000000000F9 /* MouseActivationSettingsView.swift */ = {isa = PBXFileReference; lastKnownFileType = sourcecode.swift; path = MouseActivationSettingsView.swift; sourceTree = "<group>"; };
		1A00000000000000000000FB /* MouseChordMonitor+Timers.swift */ = {isa = PBXFileReference; lastKnownFileType = sourcecode.swift; path = "MouseChordMonitor+Timers.swift"; sourceTree = "<group>"; };
		1A00000000000000000000FD /* MouseActivationConfigTests.swift */ = {isa = PBXFileReference; lastKnownFileType = sourcecode.swift; path = MouseActivationConfigTests.swift; sourceTree = "<group>"; };
		1A0000000000000000000104 /* MouseChordMonitorLockTests.swift */ = {isa = PBXFileReference; lastKnownFileType = sourcecode.swift; path = MouseChordMonitorLockTests.swift; sourceTree = "<group>"; };
		1A0000000000000000000045 /* MouseChordTests.swift */ = {isa = PBXFileReference; lastKnownFileType = sourcecode.swift; path = MouseChordTests.swift; sourceTree = "<group>"; };
		1A0000000000000000000047 /* InteractionMode.swift */ = {isa = PBXFileReference; lastKnownFileType = sourcecode.swift; path = InteractionMode.swift; sourceTree = "<group>"; };
		1A0000000000000000000049 /* InteractionModeTests.swift */ = {isa = PBXFileReference; lastKnownFileType = sourcecode.swift; path = InteractionModeTests.swift; sourceTree = "<group>"; };
		1A000000000000000000004B /* RadialNavigator.swift */ = {isa = PBXFileReference; lastKnownFileType = sourcecode.swift; path = RadialNavigator.swift; sourceTree = "<group>"; };
		1A000000000000000000004D /* RadialNavigatorTests.swift */ = {isa = PBXFileReference; lastKnownFileType = sourcecode.swift; path = RadialNavigatorTests.swift; sourceTree = "<group>"; };
		1A000000000000000000004F /* WindowMemory.swift */ = {isa = PBXFileReference; lastKnownFileType = sourcecode.swift; path = WindowMemory.swift; sourceTree = "<group>"; };
		1A0000000000000000000051 /* WindowMemoryTests.swift */ = {isa = PBXFileReference; lastKnownFileType = sourcecode.swift; path = WindowMemoryTests.swift; sourceTree = "<group>"; };
		1A0000000000000000000053 /* ModifierActivation.swift */ = {isa = PBXFileReference; lastKnownFileType = sourcecode.swift; path = ModifierActivation.swift; sourceTree = "<group>"; };
		1A0000000000000000000055 /* ModifierActivationTests.swift */ = {isa = PBXFileReference; lastKnownFileType = sourcecode.swift; path = ModifierActivationTests.swift; sourceTree = "<group>"; };
		1A0000000000000000000057 /* RadialNavigatorCommitTests.swift */ = {isa = PBXFileReference; lastKnownFileType = sourcecode.swift; path = RadialNavigatorCommitTests.swift; sourceTree = "<group>"; };
		1A0000000000000000000059 /* RevealState.swift */ = {isa = PBXFileReference; lastKnownFileType = sourcecode.swift; path = RevealState.swift; sourceTree = "<group>"; };
		1A000000000000000000005B /* RevealStateTests.swift */ = {isa = PBXFileReference; lastKnownFileType = sourcecode.swift; path = RevealStateTests.swift; sourceTree = "<group>"; };
		1A000000000000000000005D /* RadialAppearance.swift */ = {isa = PBXFileReference; lastKnownFileType = sourcecode.swift; path = RadialAppearance.swift; sourceTree = "<group>"; };
		1A000000000000000000005F /* RadialAppearanceTests.swift */ = {isa = PBXFileReference; lastKnownFileType = sourcecode.swift; path = RadialAppearanceTests.swift; sourceTree = "<group>"; };
		1A0000000000000000000061 /* LiveWindowSystem.swift */ = {isa = PBXFileReference; lastKnownFileType = sourcecode.swift; path = LiveWindowSystem.swift; sourceTree = "<group>"; };
		1A0000000000000000000063 /* FakeWindowSystem.swift */ = {isa = PBXFileReference; lastKnownFileType = sourcecode.swift; path = FakeWindowSystem.swift; sourceTree = "<group>"; };
		1A0000000000000000000065 /* RadialMenuControllerHoverTests.swift */ = {isa = PBXFileReference; lastKnownFileType = sourcecode.swift; path = RadialMenuControllerHoverTests.swift; sourceTree = "<group>"; };
		1A0000000000000000000068 /* LaunchAtLogin.swift */ = {isa = PBXFileReference; lastKnownFileType = sourcecode.swift; path = LaunchAtLogin.swift; sourceTree = "<group>"; };
		1A000000000000000000006A /* LaunchAtLoginTests.swift */ = {isa = PBXFileReference; lastKnownFileType = sourcecode.swift; path = LaunchAtLoginTests.swift; sourceTree = "<group>"; };
		1A000000000000000000006E /* RevealStrategy.swift */ = {isa = PBXFileReference; lastKnownFileType = sourcecode.swift; path = RevealStrategy.swift; sourceTree = "<group>"; };
		1A0000000000000000000072 /* RevealStrategyTests.swift */ = {isa = PBXFileReference; lastKnownFileType = sourcecode.swift; path = RevealStrategyTests.swift; sourceTree = "<group>"; };
		1A0000000000000000000073 /* RadialNavigatorFisheyeTests.swift */ = {isa = PBXFileReference; lastKnownFileType = sourcecode.swift; path = RadialNavigatorFisheyeTests.swift; sourceTree = "<group>"; };
		1A0000000000000000000077 /* RadialNavigatorRetryTests.swift */ = {isa = PBXFileReference; lastKnownFileType = sourcecode.swift; path = RadialNavigatorRetryTests.swift; sourceTree = "<group>"; };
		1A0000000000000000000079 /* SortOrder.swift */ = {isa = PBXFileReference; lastKnownFileType = sourcecode.swift; path = SortOrder.swift; sourceTree = "<group>"; };
		1A000000000000000000007B /* CuratedApps.swift */ = {isa = PBXFileReference; lastKnownFileType = sourcecode.swift; path = CuratedApps.swift; sourceTree = "<group>"; };
		1A000000000000000000007D /* CuratedAppsTests.swift */ = {isa = PBXFileReference; lastKnownFileType = sourcecode.swift; path = CuratedAppsTests.swift; sourceTree = "<group>"; };
		1A000000000000000000007F /* MyAppsEditor.swift */ = {isa = PBXFileReference; lastKnownFileType = sourcecode.swift; path = MyAppsEditor.swift; sourceTree = "<group>"; };
		1A0000000000000000000081 /* AppLauncher.swift */ = {isa = PBXFileReference; lastKnownFileType = sourcecode.swift; path = AppLauncher.swift; sourceTree = "<group>"; };
		1A0000000000000000000083 /* RadialNavigatorLaunchTests.swift */ = {isa = PBXFileReference; lastKnownFileType = sourcecode.swift; path = RadialNavigatorLaunchTests.swift; sourceTree = "<group>"; };
		1A0000000000000000000085 /* MyAppsMenu.swift */ = {isa = PBXFileReference; lastKnownFileType = sourcecode.swift; path = MyAppsMenu.swift; sourceTree = "<group>"; };
		1A0000000000000000000087 /* MyAppsMenuTests.swift */ = {isa = PBXFileReference; lastKnownFileType = sourcecode.swift; path = MyAppsMenuTests.swift; sourceTree = "<group>"; };
		1A0000000000000000000089 /* MyAppsMenuSortingTests.swift */ = {isa = PBXFileReference; lastKnownFileType = sourcecode.swift; path = MyAppsMenuSortingTests.swift; sourceTree = "<group>"; };
		1A00000000000000000000FF /* MyAppsMenuDockSourceTests.swift */ = {isa = PBXFileReference; lastKnownFileType = sourcecode.swift; path = MyAppsMenuDockSourceTests.swift; sourceTree = "<group>"; };
		1A0000000000000000000091 /* DockIconManager.swift */ = {isa = PBXFileReference; lastKnownFileType = sourcecode.swift; path = DockIconManager.swift; sourceTree = "<group>"; };
		1A0000000000000000000093 /* DockIconManagerTests.swift */ = {isa = PBXFileReference; lastKnownFileType = sourcecode.swift; path = DockIconManagerTests.swift; sourceTree = "<group>"; };
		1A00000000000000000000E1 /* RadialNavigatorSkipLevelTests.swift */ = {isa = PBXFileReference; lastKnownFileType = sourcecode.swift; path = RadialNavigatorSkipLevelTests.swift; sourceTree = "<group>"; };
		1A000000000000000000009B /* RadialMenuController.swift */ = {isa = PBXFileReference; lastKnownFileType = sourcecode.swift; path = RadialMenuController.swift; sourceTree = "<group>"; };
		1A000000000000000000009D /* RadialNavigator+Region.swift */ = {isa = PBXFileReference; lastKnownFileType = sourcecode.swift; path = "RadialNavigator+Region.swift"; sourceTree = "<group>"; };
		1A000000000000000000009F /* HideOnCommit.swift */ = {isa = PBXFileReference; lastKnownFileType = sourcecode.swift; path = HideOnCommit.swift; sourceTree = "<group>"; };
		1A00000000000000000000A1 /* HideOnCommitTests.swift */ = {isa = PBXFileReference; lastKnownFileType = sourcecode.swift; path = HideOnCommitTests.swift; sourceTree = "<group>"; };
		1A00000000000000000000A3 /* WindowControlling.swift */ = {isa = PBXFileReference; lastKnownFileType = sourcecode.swift; path = WindowControlling.swift; sourceTree = "<group>"; };
		1A00000000000000000000A5 /* WindowControlHideOnCommitTests.swift */ = {isa = PBXFileReference; lastKnownFileType = sourcecode.swift; path = WindowControlHideOnCommitTests.swift; sourceTree = "<group>"; };
		1A00000000000000000000A7 /* CollectionScope.swift */ = {isa = PBXFileReference; lastKnownFileType = sourcecode.swift; path = CollectionScope.swift; sourceTree = "<group>"; };
		1A00000000000000000000A9 /* CollectionScopeTests.swift */ = {isa = PBXFileReference; lastKnownFileType = sourcecode.swift; path = CollectionScopeTests.swift; sourceTree = "<group>"; };
		1A00000000000000000000AB /* CollectionSettingsView.swift */ = {isa = PBXFileReference; lastKnownFileType = sourcecode.swift; path = CollectionSettingsView.swift; sourceTree = "<group>"; };
		1A00000000000000000000AD /* WindowEnumeratorSpacesTests.swift */ = {isa = PBXFileReference; lastKnownFileType = sourcecode.swift; path = WindowEnumeratorSpacesTests.swift; sourceTree = "<group>"; };
		1A000000000000000000011D /* WindowEnumeratorTitleTests.swift */ = {isa = PBXFileReference; lastKnownFileType = sourcecode.swift; path = WindowEnumeratorTitleTests.swift; sourceTree = "<group>"; };
		1A000000000000000000011F /* RadialAppearanceSplitLabelsTests.swift */ = {isa = PBXFileReference; lastKnownFileType = sourcecode.swift; path = RadialAppearanceSplitLabelsTests.swift; sourceTree = "<group>"; };
		1A00000000000000000000AF /* CGWindowSource.swift */ = {isa = PBXFileReference; lastKnownFileType = sourcecode.swift; path = CGWindowSource.swift; sourceTree = "<group>"; };
		1A00000000000000000000B1 /* SortingSettingsView.swift */ = {isa = PBXFileReference; lastKnownFileType = sourcecode.swift; path = SortingSettingsView.swift; sourceTree = "<group>"; };
		1A00000000000000000000B3 /* DockOrderTests.swift */ = {isa = PBXFileReference; lastKnownFileType = sourcecode.swift; path = DockOrderTests.swift; sourceTree = "<group>"; };
		1A00000000000000000000B6 /* ModifierHoldDelay.swift */ = {isa = PBXFileReference; lastKnownFileType = sourcecode.swift; path = ModifierHoldDelay.swift; sourceTree = "<group>"; };
		1A00000000000000000000B8 /* AppIgnoreList.swift */ = {isa = PBXFileReference; lastKnownFileType = sourcecode.swift; path = AppIgnoreList.swift; sourceTree = "<group>"; };
		1A00000000000000000000BA /* IgnoreListSettingsView.swift */ = {isa = PBXFileReference; lastKnownFileType = sourcecode.swift; path = IgnoreListSettingsView.swift; sourceTree = "<group>"; };
		1A00000000000000000000BC /* AppIgnoreListTests.swift */ = {isa = PBXFileReference; lastKnownFileType = sourcecode.swift; path = AppIgnoreListTests.swift; sourceTree = "<group>"; };
		1A00000000000000000000BE /* SpaceSupport.swift */ = {isa = PBXFileReference; lastKnownFileType = sourcecode.swift; path = SpaceSupport.swift; sourceTree = "<group>"; };
		1A00000000000000000000C0 /* CrossSpaceTests.swift */ = {isa = PBXFileReference; lastKnownFileType = sourcecode.swift; path = CrossSpaceTests.swift; sourceTree = "<group>"; };
		1A00000000000000000000C2 /* TrackpadHaptics.swift */ = {isa = PBXFileReference; lastKnownFileType = sourcecode.swift; path = TrackpadHaptics.swift; sourceTree = "<group>"; };
		1A00000000000000000000C4 /* HapticFeedback.swift */ = {isa = PBXFileReference; lastKnownFileType = sourcecode.swift; path = HapticFeedback.swift; sourceTree = "<group>"; };
		1A00000000000000000000C6 /* TrackpadHapticsSettingsView.swift */ = {isa = PBXFileReference; lastKnownFileType = sourcecode.swift; path = TrackpadHapticsSettingsView.swift; sourceTree = "<group>"; };
		1A00000000000000000000C8 /* TrackpadHapticsTests.swift */ = {isa = PBXFileReference; lastKnownFileType = sourcecode.swift; path = TrackpadHapticsTests.swift; sourceTree = "<group>"; };
		1A00000000000000000000CA /* RadialMenuController+Cursor.swift */ = {isa = PBXFileReference; lastKnownFileType = sourcecode.swift; path = "RadialMenuController+Cursor.swift"; sourceTree = "<group>"; };
		1A00000000000000000000CC /* WindowRecords.swift */ = {isa = PBXFileReference; lastKnownFileType = sourcecode.swift; path = WindowRecords.swift; sourceTree = "<group>"; };
		1A00000000000000000000CE /* WindowEnumeratorOnscreenValidationTests.swift */ = {isa = PBXFileReference; lastKnownFileType = sourcecode.swift; path = WindowEnumeratorOnscreenValidationTests.swift; sourceTree = "<group>"; };
		1A00000000000000000000D0 /* AppearanceSettingsView.swift */ = {isa = PBXFileReference; lastKnownFileType = sourcecode.swift; path = AppearanceSettingsView.swift; sourceTree = "<group>"; };
		1A00000000000000000000D2 /* KeyboardNavigation.swift */ = {isa = PBXFileReference; lastKnownFileType = sourcecode.swift; path = KeyboardNavigation.swift; sourceTree = "<group>"; };
		1A00000000000000000000D4 /* RadialNavigator+Keyboard.swift */ = {isa = PBXFileReference; lastKnownFileType = sourcecode.swift; path = "RadialNavigator+Keyboard.swift"; sourceTree = "<group>"; };
		1A00000000000000000000D6 /* RadialMenuController+Keyboard.swift */ = {isa = PBXFileReference; lastKnownFileType = sourcecode.swift; path = "RadialMenuController+Keyboard.swift"; sourceTree = "<group>"; };
		1A00000000000000000000D8 /* KeyboardNavMonitor.swift */ = {isa = PBXFileReference; lastKnownFileType = sourcecode.swift; path = KeyboardNavMonitor.swift; sourceTree = "<group>"; };
		1A00000000000000000000DA /* KeyboardNavigationSettingsView.swift */ = {isa = PBXFileReference; lastKnownFileType = sourcecode.swift; path = KeyboardNavigationSettingsView.swift; sourceTree = "<group>"; };
		1A00000000000000000000DC /* KeyboardNavigationTests.swift */ = {isa = PBXFileReference; lastKnownFileType = sourcecode.swift; path = KeyboardNavigationTests.swift; sourceTree = "<group>"; };
		1A00000000000000000000DE /* RadialNavigatorKeyboardTests.swift */ = {isa = PBXFileReference; lastKnownFileType = sourcecode.swift; path = RadialNavigatorKeyboardTests.swift; sourceTree = "<group>"; };
		1A00000000000000000000E0 /* RadialNavigatorKeyboardFollowupTests.swift */ = {isa = PBXFileReference; lastKnownFileType = sourcecode.swift; path = RadialNavigatorKeyboardFollowupTests.swift; sourceTree = "<group>"; };
		1A00000000000000000000E4 /* RadialLayoutLabelWidthTests.swift */ = {isa = PBXFileReference; lastKnownFileType = sourcecode.swift; path = RadialLayoutLabelWidthTests.swift; sourceTree = "<group>"; };
		1A00000000000000000000F0 /* SparkleUpdater.swift */ = {isa = PBXFileReference; lastKnownFileType = sourcecode.swift; path = SparkleUpdater.swift; sourceTree = "<group>"; };
		1A0000000000000000000102 /* HoldProgressIndicator.swift */ = {isa = PBXFileReference; lastKnownFileType = sourcecode.swift; path = HoldProgressIndicator.swift; sourceTree = "<group>"; };
		1A0000000000000000000106 /* KeyboardActivationSettingsView.swift */ = {isa = PBXFileReference; lastKnownFileType = sourcecode.swift; path = KeyboardActivationSettingsView.swift; sourceTree = "<group>"; };
		1A0000000000000000000108 /* RevealSettingsView.swift */ = {isa = PBXFileReference; lastKnownFileType = sourcecode.swift; path = RevealSettingsView.swift; sourceTree = "<group>"; };
		1A000000000000000000010A /* DwellActivation.swift */ = {isa = PBXFileReference; lastKnownFileType = sourcecode.swift; path = DwellActivation.swift; sourceTree = "<group>"; };
		1A000000000000000000010C /* RadialMenuController+Dwell.swift */ = {isa = PBXFileReference; lastKnownFileType = sourcecode.swift; path = "RadialMenuController+Dwell.swift"; sourceTree = "<group>"; };
		1A000000000000000000010E /* DwellActivationSettingsView.swift */ = {isa = PBXFileReference; lastKnownFileType = sourcecode.swift; path = DwellActivationSettingsView.swift; sourceTree = "<group>"; };
		1A0000000000000000000110 /* DwellActivationTests.swift */ = {isa = PBXFileReference; lastKnownFileType = sourcecode.swift; path = DwellActivationTests.swift; sourceTree = "<group>"; };
		1A0000000000000000000112 /* RadialDwellOverlay.swift */ = {isa = PBXFileReference; lastKnownFileType = sourcecode.swift; path = RadialDwellOverlay.swift; sourceTree = "<group>"; };
		1A0000000000000000000114 /* PreferencesLayout.swift */ = {isa = PBXFileReference; lastKnownFileType = sourcecode.swift; path = PreferencesLayout.swift; sourceTree = "<group>"; };
		1A0000000000000000000116 /* MyAppsMenuFinderLastTests.swift */ = {isa = PBXFileReference; lastKnownFileType = sourcecode.swift; path = MyAppsMenuFinderLastTests.swift; sourceTree = "<group>"; };
		1A0000000000000000000118 /* ActivationExclusionList.swift */ = {isa = PBXFileReference; lastKnownFileType = sourcecode.swift; path = ActivationExclusionList.swift; sourceTree = "<group>"; };
		1A000000000000000000011A /* ActivationExclusionSettingsView.swift */ = {isa = PBXFileReference; lastKnownFileType = sourcecode.swift; path = ActivationExclusionSettingsView.swift; sourceTree = "<group>"; };
		1A000000000000000000011C /* ActivationExclusionListTests.swift */ = {isa = PBXFileReference; lastKnownFileType = sourcecode.swift; path = ActivationExclusionListTests.swift; sourceTree = "<group>"; };
		1A0000000000000000000122 /* KeyboardShortcut.swift */ = {isa = PBXFileReference; lastKnownFileType = sourcecode.swift; path = KeyboardShortcut.swift; sourceTree = "<group>"; };
		1A0000000000000000000124 /* KeyboardShortcutMatching.swift */ = {isa = PBXFileReference; lastKnownFileType = sourcecode.swift; path = KeyboardShortcutMatching.swift; sourceTree = "<group>"; };
		1A0000000000000000000126 /* KeyboardShortcutStorage.swift */ = {isa = PBXFileReference; lastKnownFileType = sourcecode.swift; path = KeyboardShortcutStorage.swift; sourceTree = "<group>"; };
		1A0000000000000000000128 /* KeyboardShortcutCapture.swift */ = {isa = PBXFileReference; lastKnownFileType = sourcecode.swift; path = KeyboardShortcutCapture.swift; sourceTree = "<group>"; };
		1A000000000000000000012A /* KeyboardShortcutPickerView.swift */ = {isa = PBXFileReference; lastKnownFileType = sourcecode.swift; path = KeyboardShortcutPickerView.swift; sourceTree = "<group>"; };
		1A000000000000000000012C /* KeyboardShortcutTests.swift */ = {isa = PBXFileReference; lastKnownFileType = sourcecode.swift; path = KeyboardShortcutTests.swift; sourceTree = "<group>"; };
		1A000000000000000000012E /* KeyboardShortcutMigrationTests.swift */ = {isa = PBXFileReference; lastKnownFileType = sourcecode.swift; path = KeyboardShortcutMigrationTests.swift; sourceTree = "<group>"; };
		1A0000000000000000000130 /* KeyboardShortcutParserTests.swift */ = {isa = PBXFileReference; lastKnownFileType = sourcecode.swift; path = KeyboardShortcutParserTests.swift; sourceTree = "<group>"; };
		1A0000000000000000000132 /* OnboardingState.swift */ = {isa = PBXFileReference; lastKnownFileType = sourcecode.swift; path = OnboardingState.swift; sourceTree = "<group>"; };
		1A0000000000000000000134 /* OnboardingMouseDetector.swift */ = {isa = PBXFileReference; lastKnownFileType = sourcecode.swift; path = OnboardingMouseDetector.swift; sourceTree = "<group>"; };
		1A0000000000000000000136 /* OnboardingView.swift */ = {isa = PBXFileReference; lastKnownFileType = sourcecode.swift; path = OnboardingView.swift; sourceTree = "<group>"; };
		1A0000000000000000000138 /* OnboardingWindow.swift */ = {isa = PBXFileReference; lastKnownFileType = sourcecode.swift; path = OnboardingWindow.swift; sourceTree = "<group>"; };
		1A000000000000000000013A /* OnboardingStateTests.swift */ = {isa = PBXFileReference; lastKnownFileType = sourcecode.swift; path = OnboardingStateTests.swift; sourceTree = "<group>"; };
		1A000000000000000000013C /* OnboardingMouseDetectorTests.swift */ = {isa = PBXFileReference; lastKnownFileType = sourcecode.swift; path = OnboardingMouseDetectorTests.swift; sourceTree = "<group>"; };
		1A000000000000000000013E /* OnboardingSuggestionsTests.swift */ = {isa = PBXFileReference; lastKnownFileType = sourcecode.swift; path = OnboardingSuggestionsTests.swift; sourceTree = "<group>"; };
		1A0000000000000000000140 /* OnboardingSuggestion.swift */ = {isa = PBXFileReference; lastKnownFileType = sourcecode.swift; path = OnboardingSuggestion.swift; sourceTree = "<group>"; };
/* End PBXFileReference section */

/* Begin PBXFrameworksBuildPhase section */
		1A000000000000000000000F /* Frameworks */ = {
			isa = PBXFrameworksBuildPhase;
			buildActionMask = 2147483647;
			files = (
				1A00000000000000000000F3 /* Sparkle in Frameworks */,
			);
			runOnlyForDeploymentPostprocessing = 0;
		};
		1A000000000000000000001A /* Frameworks */ = {
			isa = PBXFrameworksBuildPhase;
			buildActionMask = 2147483647;
			files = (
			);
			runOnlyForDeploymentPostprocessing = 0;
		};
/* End PBXFrameworksBuildPhase section */

/* Begin PBXGroup section */
		1A0000000000000000000002 = {
			isa = PBXGroup;
			children = (
				1A0000000000000000000004 /* PieSwitcher */,
				1A0000000000000000000015 /* PieSwitcherTests */,
				1A0000000000000000000003 /* Products */,
			);
			sourceTree = "<group>";
		};
		1A0000000000000000000003 /* Products */ = {
			isa = PBXGroup;
			children = (
				1A0000000000000000000006 /* PieSwitcher.app */,
				1A0000000000000000000014 /* PieSwitcherTests.xctest */,
			);
			name = Products;
			sourceTree = "<group>";
		};
		1A0000000000000000000004 /* PieSwitcher */ = {
			isa = PBXGroup;
			children = (
				1A0000000000000000000010 /* PieSwitcherApp.swift */,
				1A0000000000000000000023 /* AppDelegate.swift */,
				1A0000000000000000000012 /* AboutView.swift */,
				1A0000000000000000000025 /* PreferencesView.swift */,
				1A00000000000000000000D0 /* AppearanceSettingsView.swift */,
				1A0000000000000000000035 /* PermissionAlertWindow.swift */,
				1A0000000000000000000037 /* PermissionAlertView.swift */,
				1A0000000000000000000021 /* PermissionsManager.swift */,
				1A0000000000000000000068 /* LaunchAtLogin.swift */,
				1A0000000000000000000029 /* WindowControl.swift */,
				1A00000000000000000000A3 /* WindowControlling.swift */,
				1A0000000000000000000061 /* LiveWindowSystem.swift */,
				1A000000000000000000002D /* WindowEnumeration.swift */,
				1A00000000000000000000AF /* CGWindowSource.swift */,
				1A00000000000000000000CC /* WindowRecords.swift */,
				1A0000000000000000000031 /* MenuModel.swift */,
				1A000000000000000000003B /* RadialLayout.swift */,
				1A000000000000000000003D /* RadialMenuWindow.swift */,
				1A000000000000000000003F /* RadialMenuView.swift */,
				1A000000000000000000004B /* RadialNavigator.swift */,
				1A0000000000000000000043 /* MouseChordActivation.swift */,
				1A00000000000000000000F5 /* MouseChordMonitor.swift */,
				1A00000000000000000000F7 /* MouseActivation.swift */,
				1A00000000000000000000F9 /* MouseActivationSettingsView.swift */,
				1A00000000000000000000FB /* MouseChordMonitor+Timers.swift */,
				1A0000000000000000000053 /* ModifierActivation.swift */,
				1A00000000000000000000B6 /* ModifierHoldDelay.swift */,
				1A0000000000000000000122 /* KeyboardShortcut.swift */,
				1A0000000000000000000124 /* KeyboardShortcutMatching.swift */,
				1A0000000000000000000126 /* KeyboardShortcutStorage.swift */,
				1A0000000000000000000128 /* KeyboardShortcutCapture.swift */,
				1A000000000000000000012A /* KeyboardShortcutPickerView.swift */,
				1A00000000000000000000B8 /* AppIgnoreList.swift */,
				1A00000000000000000000BE /* SpaceSupport.swift */,
				1A00000000000000000000BA /* IgnoreListSettingsView.swift */,
				1A00000000000000000000C2 /* TrackpadHaptics.swift */,
				1A00000000000000000000C4 /* HapticFeedback.swift */,
				1A00000000000000000000C6 /* TrackpadHapticsSettingsView.swift */,
				1A00000000000000000000CA /* RadialMenuController+Cursor.swift */,
				1A0000000000000000000047 /* InteractionMode.swift */,
				1A000000000000000000004F /* WindowMemory.swift */,
				1A0000000000000000000059 /* RevealState.swift */,
				1A000000000000000000005D /* RadialAppearance.swift */,
				1A000000000000000000006E /* RevealStrategy.swift */,
				1A0000000000000000000079 /* SortOrder.swift */,
				1A000000000000000000007B /* CuratedApps.swift */,
				1A000000000000000000007F /* MyAppsEditor.swift */,
				1A0000000000000000000081 /* AppLauncher.swift */,
				1A0000000000000000000085 /* MyAppsMenu.swift */,
				1A0000000000000000000091 /* DockIconManager.swift */,
				1A000000000000000000009B /* RadialMenuController.swift */,
				1A000000000000000000009D /* RadialNavigator+Region.swift */,
				1A000000000000000000009F /* HideOnCommit.swift */,
				1A00000000000000000000A7 /* CollectionScope.swift */,
				1A00000000000000000000AB /* CollectionSettingsView.swift */,
				1A00000000000000000000B1 /* SortingSettingsView.swift */,
				1A00000000000000000000D2 /* KeyboardNavigation.swift */,
				1A00000000000000000000D4 /* RadialNavigator+Keyboard.swift */,
				1A00000000000000000000D6 /* RadialMenuController+Keyboard.swift */,
				1A00000000000000000000D8 /* KeyboardNavMonitor.swift */,
				1A00000000000000000000DA /* KeyboardNavigationSettingsView.swift */,
				1A00000000000000000000F0 /* SparkleUpdater.swift */,
				1A0000000000000000000102 /* HoldProgressIndicator.swift */,
				1A0000000000000000000106 /* KeyboardActivationSettingsView.swift */,
				1A0000000000000000000108 /* RevealSettingsView.swift */,
				1A000000000000000000010A /* DwellActivation.swift */,
				1A000000000000000000010C /* RadialMenuController+Dwell.swift */,
				1A000000000000000000010E /* DwellActivationSettingsView.swift */,
				1A0000000000000000000112 /* RadialDwellOverlay.swift */,
				1A0000000000000000000114 /* PreferencesLayout.swift */,
				1A0000000000000000000118 /* ActivationExclusionList.swift */,
				1A000000000000000000011A /* ActivationExclusionSettingsView.swift */,
				1A0000000000000000000132 /* OnboardingState.swift */,
				1A0000000000000000000134 /* OnboardingMouseDetector.swift */,
				1A0000000000000000000136 /* OnboardingView.swift */,
				1A0000000000000000000138 /* OnboardingWindow.swift */,
				1A0000000000000000000140 /* OnboardingSuggestion.swift */,
			);
			path = PieSwitcher;
			sourceTree = "<group>";
		};
		1A0000000000000000000015 /* PieSwitcherTests */ = {
			isa = PBXGroup;
			children = (
				1A0000000000000000000016 /* PieSwitcherTests.swift */,
				1A0000000000000000000027 /* PermissionsManagerTests.swift */,
				1A000000000000000000006A /* LaunchAtLoginTests.swift */,
				1A000000000000000000002B /* WindowControlTests.swift */,
				1A00000000000000000000A5 /* WindowControlHideOnCommitTests.swift */,
				1A0000000000000000000063 /* FakeWindowSystem.swift */,
				1A000000000000000000002F /* WindowEnumerationTests.swift */,
				1A0000000000000000000033 /* MenuModelTests.swift */,
				1A0000000000000000000039 /* PermissionAlertTests.swift */,
				1A0000000000000000000041 /* RadialLayoutTests.swift */,
				1A0000000000000000000045 /* MouseChordTests.swift */,
				1A00000000000000000000FD /* MouseActivationConfigTests.swift */,
				1A0000000000000000000104 /* MouseChordMonitorLockTests.swift */,
				1A0000000000000000000049 /* InteractionModeTests.swift */,
				1A000000000000000000004D /* RadialNavigatorTests.swift */,
				1A0000000000000000000057 /* RadialNavigatorCommitTests.swift */,
				1A0000000000000000000073 /* RadialNavigatorFisheyeTests.swift */,
				1A0000000000000000000077 /* RadialNavigatorRetryTests.swift */,
				1A0000000000000000000065 /* RadialMenuControllerHoverTests.swift */,
				1A0000000000000000000051 /* WindowMemoryTests.swift */,
				1A0000000000000000000055 /* ModifierActivationTests.swift */,
				1A000000000000000000012C /* KeyboardShortcutTests.swift */,
				1A000000000000000000012E /* KeyboardShortcutMigrationTests.swift */,
				1A0000000000000000000130 /* KeyboardShortcutParserTests.swift */,
				1A000000000000000000005B /* RevealStateTests.swift */,
				1A000000000000000000005F /* RadialAppearanceTests.swift */,
				1A0000000000000000000072 /* RevealStrategyTests.swift */,
				1A000000000000000000007D /* CuratedAppsTests.swift */,
				1A00000000000000000000BC /* AppIgnoreListTests.swift */,
				1A00000000000000000000C0 /* CrossSpaceTests.swift */,
				1A00000000000000000000C8 /* TrackpadHapticsTests.swift */,
				1A0000000000000000000083 /* RadialNavigatorLaunchTests.swift */,
				1A0000000000000000000087 /* MyAppsMenuTests.swift */,
				1A0000000000000000000089 /* MyAppsMenuSortingTests.swift */,
				1A00000000000000000000FF /* MyAppsMenuDockSourceTests.swift */,
				1A0000000000000000000116 /* MyAppsMenuFinderLastTests.swift */,
				1A0000000000000000000093 /* DockIconManagerTests.swift */,
				1A00000000000000000000E1 /* RadialNavigatorSkipLevelTests.swift */,
				1A00000000000000000000A1 /* HideOnCommitTests.swift */,
				1A00000000000000000000A9 /* CollectionScopeTests.swift */,
				1A00000000000000000000CE /* WindowEnumeratorOnscreenValidationTests.swift */,
				1A00000000000000000000AD /* WindowEnumeratorSpacesTests.swift */,
				1A000000000000000000011D /* WindowEnumeratorTitleTests.swift */,
				1A000000000000000000011F /* RadialAppearanceSplitLabelsTests.swift */,
				1A00000000000000000000B3 /* DockOrderTests.swift */,
				1A00000000000000000000DC /* KeyboardNavigationTests.swift */,
				1A00000000000000000000DE /* RadialNavigatorKeyboardTests.swift */,
				1A00000000000000000000E0 /* RadialNavigatorKeyboardFollowupTests.swift */,
				1A00000000000000000000E4 /* RadialLayoutLabelWidthTests.swift */,
				1A0000000000000000000110 /* DwellActivationTests.swift */,
				1A000000000000000000011C /* ActivationExclusionListTests.swift */,
				1A000000000000000000013A /* OnboardingStateTests.swift */,
				1A000000000000000000013C /* OnboardingMouseDetectorTests.swift */,
				1A000000000000000000013E /* OnboardingSuggestionsTests.swift */,
			);
			path = PieSwitcherTests;
			sourceTree = "<group>";
		};
/* End PBXGroup section */

/* Begin PBXNativeTarget section */
		1A0000000000000000000005 /* PieSwitcher */ = {
			isa = PBXNativeTarget;
			buildConfigurationList = 1A0000000000000000000008 /* Build configuration list for PBXNativeTarget "PieSwitcher" */;
			buildPhases = (
				1A000000000000000000000D /* Sources */,
				1A000000000000000000000F /* Frameworks */,
				1A000000000000000000000E /* Resources */,
			);
			buildRules = (
			);
			dependencies = (
			);
			name = PieSwitcher;
			packageProductDependencies = (
				1A00000000000000000000F2 /* Sparkle */,
			);
			productName = PieSwitcher;
			productReference = 1A0000000000000000000006 /* PieSwitcher.app */;
			productType = "com.apple.product-type.application";
		};
		1A0000000000000000000018 /* PieSwitcherTests */ = {
			isa = PBXNativeTarget;
			buildConfigurationList = 1A0000000000000000000020 /* Build configuration list for PBXNativeTarget "PieSwitcherTests" */;
			buildPhases = (
				1A0000000000000000000019 /* Sources */,
				1A000000000000000000001A /* Frameworks */,
				1A000000000000000000001B /* Resources */,
			);
			buildRules = (
			);
			dependencies = (
				1A000000000000000000001C /* PBXTargetDependency */,
			);
			name = PieSwitcherTests;
			productName = PieSwitcherTests;
			productReference = 1A0000000000000000000014 /* PieSwitcherTests.xctest */;
			productType = "com.apple.product-type.bundle.unit-test";
		};
/* End PBXNativeTarget section */

/* Begin PBXProject section */
		1A0000000000000000000001 /* Project object */ = {
			isa = PBXProject;
			attributes = {
				BuildIndependentTargetsInParallel = 1;
				LastSwiftUpdateCheck = 1620;
				LastUpgradeCheck = 2650;
				TargetAttributes = {
					1A0000000000000000000005 = {
						CreatedOnToolsVersion = 16.0;
					};
					1A0000000000000000000018 = {
						CreatedOnToolsVersion = 16.0;
						TestTargetID = 1A0000000000000000000005;
					};
				};
			};
			buildConfigurationList = 1A0000000000000000000007 /* Build configuration list for PBXProject "PieSwitcher" */;
			compatibilityVersion = "Xcode 14.0";
			developmentRegion = en;
			hasScannedForEncodings = 0;
			knownRegions = (
				en,
				Base,
			);
			mainGroup = 1A0000000000000000000002;
			packageReferences = (
				1A00000000000000000000F4 /* XCRemoteSwiftPackageReference "Sparkle" */,
			);
			productRefGroup = 1A0000000000000000000003 /* Products */;
			projectDirPath = "";
			projectRoot = "";
			targets = (
				1A0000000000000000000005 /* PieSwitcher */,
				1A0000000000000000000018 /* PieSwitcherTests */,
			);
		};
/* End PBXProject section */

/* Begin PBXResourcesBuildPhase section */
		1A000000000000000000000E /* Resources */ = {
			isa = PBXResourcesBuildPhase;
			buildActionMask = 2147483647;
			files = (
			);
			runOnlyForDeploymentPostprocessing = 0;
		};
		1A000000000000000000001B /* Resources */ = {
			isa = PBXResourcesBuildPhase;
			buildActionMask = 2147483647;
			files = (
			);
			runOnlyForDeploymentPostprocessing = 0;
		};
/* End PBXResourcesBuildPhase section */

/* Begin PBXSourcesBuildPhase section */
		1A000000000000000000000D /* Sources */ = {
			isa = PBXSourcesBuildPhase;
			buildActionMask = 2147483647;
			files = (
				1A0000000000000000000011 /* PieSwitcherApp.swift in Sources */,
				1A0000000000000000000024 /* AppDelegate.swift in Sources */,
				1A0000000000000000000013 /* AboutView.swift in Sources */,
				1A0000000000000000000026 /* PreferencesView.swift in Sources */,
				1A00000000000000000000CF /* AppearanceSettingsView.swift in Sources */,
				1A0000000000000000000036 /* PermissionAlertWindow.swift in Sources */,
				1A0000000000000000000038 /* PermissionAlertView.swift in Sources */,
				1A0000000000000000000022 /* PermissionsManager.swift in Sources */,
				1A0000000000000000000067 /* LaunchAtLogin.swift in Sources */,
				1A000000000000000000002A /* WindowControl.swift in Sources */,
				1A00000000000000000000A4 /* WindowControlling.swift in Sources */,
				1A0000000000000000000062 /* LiveWindowSystem.swift in Sources */,
				1A000000000000000000002E /* WindowEnumeration.swift in Sources */,
				1A00000000000000000000B0 /* CGWindowSource.swift in Sources */,
				1A00000000000000000000CB /* WindowRecords.swift in Sources */,
				1A0000000000000000000032 /* MenuModel.swift in Sources */,
				1A000000000000000000003C /* RadialLayout.swift in Sources */,
				1A000000000000000000003E /* RadialMenuWindow.swift in Sources */,
				1A0000000000000000000040 /* RadialMenuView.swift in Sources */,
				1A000000000000000000004C /* RadialNavigator.swift in Sources */,
				1A0000000000000000000044 /* MouseChordActivation.swift in Sources */,
				1A00000000000000000000F6 /* MouseChordMonitor.swift in Sources */,
				1A00000000000000000000F8 /* MouseActivation.swift in Sources */,
				1A00000000000000000000FA /* MouseActivationSettingsView.swift in Sources */,
				1A00000000000000000000FC /* MouseChordMonitor+Timers.swift in Sources */,
				1A0000000000000000000054 /* ModifierActivation.swift in Sources */,
				1A00000000000000000000B5 /* ModifierHoldDelay.swift in Sources */,
				1A0000000000000000000121 /* KeyboardShortcut.swift in Sources */,
				1A0000000000000000000123 /* KeyboardShortcutMatching.swift in Sources */,
				1A0000000000000000000125 /* KeyboardShortcutStorage.swift in Sources */,
				1A0000000000000000000127 /* KeyboardShortcutCapture.swift in Sources */,
				1A0000000000000000000129 /* KeyboardShortcutPickerView.swift in Sources */,
				1A00000000000000000000B7 /* AppIgnoreList.swift in Sources */,
				1A00000000000000000000BD /* SpaceSupport.swift in Sources */,
				1A00000000000000000000B9 /* IgnoreListSettingsView.swift in Sources */,
				1A00000000000000000000C1 /* TrackpadHaptics.swift in Sources */,
				1A00000000000000000000C3 /* HapticFeedback.swift in Sources */,
				1A00000000000000000000C5 /* TrackpadHapticsSettingsView.swift in Sources */,
				1A00000000000000000000C9 /* RadialMenuController+Cursor.swift in Sources */,
				1A0000000000000000000048 /* InteractionMode.swift in Sources */,
				1A0000000000000000000050 /* WindowMemory.swift in Sources */,
				1A000000000000000000005A /* RevealState.swift in Sources */,
				1A000000000000000000005E /* RadialAppearance.swift in Sources */,
				1A000000000000000000006D /* RevealStrategy.swift in Sources */,
				1A000000000000000000007A /* SortOrder.swift in Sources */,
				1A000000000000000000007C /* CuratedApps.swift in Sources */,
				1A0000000000000000000080 /* MyAppsEditor.swift in Sources */,
				1A0000000000000000000082 /* AppLauncher.swift in Sources */,
				1A0000000000000000000086 /* MyAppsMenu.swift in Sources */,
				1A0000000000000000000092 /* DockIconManager.swift in Sources */,
				1A000000000000000000009C /* RadialMenuController.swift in Sources */,
				1A000000000000000000009E /* RadialNavigator+Region.swift in Sources */,
				1A00000000000000000000A0 /* HideOnCommit.swift in Sources */,
				1A00000000000000000000A8 /* CollectionScope.swift in Sources */,
				1A00000000000000000000AC /* CollectionSettingsView.swift in Sources */,
				1A00000000000000000000B2 /* SortingSettingsView.swift in Sources */,
				1A00000000000000000000D1 /* KeyboardNavigation.swift in Sources */,
				1A00000000000000000000D3 /* RadialNavigator+Keyboard.swift in Sources */,
				1A00000000000000000000D5 /* RadialMenuController+Keyboard.swift in Sources */,
				1A00000000000000000000D7 /* KeyboardNavMonitor.swift in Sources */,
				1A00000000000000000000D9 /* KeyboardNavigationSettingsView.swift in Sources */,
				1A00000000000000000000F1 /* SparkleUpdater.swift in Sources */,
				1A0000000000000000000101 /* HoldProgressIndicator.swift in Sources */,
				1A0000000000000000000105 /* KeyboardActivationSettingsView.swift in Sources */,
				1A0000000000000000000107 /* RevealSettingsView.swift in Sources */,
				1A0000000000000000000109 /* DwellActivation.swift in Sources */,
				1A000000000000000000010B /* RadialMenuController+Dwell.swift in Sources */,
				1A000000000000000000010D /* DwellActivationSettingsView.swift in Sources */,
				1A0000000000000000000111 /* RadialDwellOverlay.swift in Sources */,
				1A0000000000000000000113 /* PreferencesLayout.swift in Sources */,
				1A0000000000000000000117 /* ActivationExclusionList.swift in Sources */,
				1A0000000000000000000119 /* ActivationExclusionSettingsView.swift in Sources */,
				1A0000000000000000000131 /* OnboardingState.swift in Sources */,
				1A0000000000000000000133 /* OnboardingMouseDetector.swift in Sources */,
				1A0000000000000000000135 /* OnboardingView.swift in Sources */,
				1A0000000000000000000137 /* OnboardingWindow.swift in Sources */,
				1A000000000000000000013F /* OnboardingSuggestion.swift in Sources */,
			);
			runOnlyForDeploymentPostprocessing = 0;
		};
		1A0000000000000000000019 /* Sources */ = {
			isa = PBXSourcesBuildPhase;
			buildActionMask = 2147483647;
			files = (
				1A0000000000000000000017 /* PieSwitcherTests.swift in Sources */,
				1A0000000000000000000028 /* PermissionsManagerTests.swift in Sources */,
				1A0000000000000000000069 /* LaunchAtLoginTests.swift in Sources */,
				1A000000000000000000002C /* WindowControlTests.swift in Sources */,
				1A00000000000000000000A6 /* WindowControlHideOnCommitTests.swift in Sources */,
				1A0000000000000000000064 /* FakeWindowSystem.swift in Sources */,
				1A0000000000000000000030 /* WindowEnumerationTests.swift in Sources */,
				1A0000000000000000000034 /* MenuModelTests.swift in Sources */,
				1A000000000000000000003A /* PermissionAlertTests.swift in Sources */,
				1A0000000000000000000042 /* RadialLayoutTests.swift in Sources */,
				1A0000000000000000000046 /* MouseChordTests.swift in Sources */,
				1A00000000000000000000FE /* MouseActivationConfigTests.swift in Sources */,
				1A0000000000000000000103 /* MouseChordMonitorLockTests.swift in Sources */,
				1A000000000000000000004A /* InteractionModeTests.swift in Sources */,
				1A000000000000000000004E /* RadialNavigatorTests.swift in Sources */,
				1A0000000000000000000058 /* RadialNavigatorCommitTests.swift in Sources */,
				1A0000000000000000000074 /* RadialNavigatorFisheyeTests.swift in Sources */,
				1A0000000000000000000078 /* RadialNavigatorRetryTests.swift in Sources */,
				1A0000000000000000000066 /* RadialMenuControllerHoverTests.swift in Sources */,
				1A0000000000000000000052 /* WindowMemoryTests.swift in Sources */,
				1A0000000000000000000056 /* ModifierActivationTests.swift in Sources */,
				1A000000000000000000012B /* KeyboardShortcutTests.swift in Sources */,
				1A000000000000000000012D /* KeyboardShortcutMigrationTests.swift in Sources */,
				1A000000000000000000012F /* KeyboardShortcutParserTests.swift in Sources */,
				1A000000000000000000005C /* RevealStateTests.swift in Sources */,
				1A0000000000000000000060 /* RadialAppearanceTests.swift in Sources */,
				1A0000000000000000000071 /* RevealStrategyTests.swift in Sources */,
				1A000000000000000000007E /* CuratedAppsTests.swift in Sources */,
				1A00000000000000000000BB /* AppIgnoreListTests.swift in Sources */,
				1A00000000000000000000BF /* CrossSpaceTests.swift in Sources */,
				1A00000000000000000000C7 /* TrackpadHapticsTests.swift in Sources */,
				1A0000000000000000000084 /* RadialNavigatorLaunchTests.swift in Sources */,
				1A0000000000000000000088 /* MyAppsMenuTests.swift in Sources */,
				1A000000000000000000008A /* MyAppsMenuSortingTests.swift in Sources */,
				1A0000000000000000000100 /* MyAppsMenuDockSourceTests.swift in Sources */,
				1A0000000000000000000115 /* MyAppsMenuFinderLastTests.swift in Sources */,
				1A0000000000000000000094 /* DockIconManagerTests.swift in Sources */,
				1A00000000000000000000E2 /* RadialNavigatorSkipLevelTests.swift in Sources */,
				1A00000000000000000000A2 /* HideOnCommitTests.swift in Sources */,
				1A00000000000000000000AA /* CollectionScopeTests.swift in Sources */,
				1A00000000000000000000CD /* WindowEnumeratorOnscreenValidationTests.swift in Sources */,
				1A00000000000000000000AE /* WindowEnumeratorSpacesTests.swift in Sources */,
				1A000000000000000000011E /* WindowEnumeratorTitleTests.swift in Sources */,
				1A0000000000000000000120 /* RadialAppearanceSplitLabelsTests.swift in Sources */,
				1A00000000000000000000B4 /* DockOrderTests.swift in Sources */,
				1A00000000000000000000DB /* KeyboardNavigationTests.swift in Sources */,
				1A00000000000000000000DD /* RadialNavigatorKeyboardTests.swift in Sources */,
				1A00000000000000000000DF /* RadialNavigatorKeyboardFollowupTests.swift in Sources */,
				1A00000000000000000000E3 /* RadialLayoutLabelWidthTests.swift in Sources */,
				1A000000000000000000010F /* DwellActivationTests.swift in Sources */,
				1A000000000000000000011B /* ActivationExclusionListTests.swift in Sources */,
				1A0000000000000000000139 /* OnboardingStateTests.swift in Sources */,
				1A000000000000000000013B /* OnboardingMouseDetectorTests.swift in Sources */,
				1A000000000000000000013D /* OnboardingSuggestionsTests.swift in Sources */,
			);
			runOnlyForDeploymentPostprocessing = 0;
		};
/* End PBXSourcesBuildPhase section */

/* Begin PBXTargetDependency section */
		1A000000000000000000001C /* PBXTargetDependency */ = {
			isa = PBXTargetDependency;
			target = 1A0000000000000000000005 /* PieSwitcher */;
			targetProxy = 1A000000000000000000001D /* PBXContainerItemProxy */;
		};
/* End PBXTargetDependency section */

/* Begin XCBuildConfiguration section */
		1A0000000000000000000009 /* Debug */ = {
			isa = XCBuildConfiguration;
			buildSettings = {
				ALWAYS_SEARCH_USER_PATHS = NO;
				CLANG_ANALYZER_NONNULL = YES;
				CLANG_ANALYZER_NUMBER_OBJECT_CONVERSION = YES_AGGRESSIVE;
				CLANG_CXX_LANGUAGE_STANDARD = "gnu++20";
				CLANG_ENABLE_MODULES = YES;
				CLANG_ENABLE_OBJC_ARC = YES;
				CLANG_ENABLE_OBJC_WEAK = YES;
				CLANG_WARN_BLOCK_CAPTURE_AUTORELEASING = YES;
				CLANG_WARN_BOOL_CONVERSION = YES;
				CLANG_WARN_COMMA = YES;
				CLANG_WARN_CONSTANT_CONVERSION = YES;
				CLANG_WARN_DEPRECATED_OBJC_IMPLEMENTATIONS = YES;
				CLANG_WARN_DIRECT_OBJC_ISA_USAGE = YES_ERROR;
				CLANG_WARN_DOCUMENTATION_COMMENTS = YES;
				CLANG_WARN_EMPTY_BODY = YES;
				CLANG_WARN_ENUM_CONVERSION = YES;
				CLANG_WARN_INFINITE_RECURSION = YES;
				CLANG_WARN_INT_CONVERSION = YES;
				CLANG_WARN_NON_LITERAL_NULL_CONVERSION = YES;
				CLANG_WARN_OBJC_IMPLICIT_RETAIN_SELF = YES;
				CLANG_WARN_OBJC_LITERAL_CONVERSION = YES;
				CLANG_WARN_OBJC_ROOT_CLASS = YES_ERROR;
				CLANG_WARN_QUOTED_INCLUDE_IN_FRAMEWORK_HEADER = YES;
				CLANG_WARN_RANGE_LOOP_ANALYSIS = YES;
				CLANG_WARN_STRICT_PROTOTYPES = YES;
				CLANG_WARN_SUSPICIOUS_MOVE = YES;
				CLANG_WARN_UNGUARDED_AVAILABILITY = YES_AGGRESSIVE;
				CLANG_WARN_UNREACHABLE_CODE = YES;
				CLANG_WARN__DUPLICATE_METHOD_MATCH = YES;
				COPY_PHASE_STRIP = NO;
				DEAD_CODE_STRIPPING = YES;
				DEBUG_INFORMATION_FORMAT = dwarf;
				DEVELOPMENT_TEAM = A4HHRH8Y9M;
				ENABLE_STRICT_OBJC_MSGSEND = YES;
				ENABLE_TESTABILITY = YES;
				ENABLE_USER_SCRIPT_SANDBOXING = YES;
				GCC_C_LANGUAGE_STANDARD = gnu17;
				GCC_DYNAMIC_NO_PIC = NO;
				GCC_NO_COMMON_BLOCKS = YES;
				GCC_OPTIMIZATION_LEVEL = 0;
				GCC_PREPROCESSOR_DEFINITIONS = (
					"DEBUG=1",
					"$(inherited)",
				);
				GCC_WARN_64_TO_32_BIT_CONVERSION = YES;
				GCC_WARN_ABOUT_RETURN_TYPE = YES_ERROR;
				GCC_WARN_UNDECLARED_SELECTOR = YES;
				GCC_WARN_UNINITIALIZED_AUTOS = YES_AGGRESSIVE;
				GCC_WARN_UNUSED_FUNCTION = YES;
				GCC_WARN_UNUSED_VARIABLE = YES;
				LOCALIZATION_PREFERS_STRING_CATALOGS = YES;
				MACOSX_DEPLOYMENT_TARGET = 14.0;
				MTL_ENABLE_DEBUG_INFO = INCLUDE_SOURCE;
				MTL_FAST_MATH = YES;
				ONLY_ACTIVE_ARCH = YES;
				SDKROOT = macosx;
				STRING_CATALOG_GENERATE_SYMBOLS = YES;
				SWIFT_ACTIVE_COMPILATION_CONDITIONS = "DEBUG $(inherited)";
				SWIFT_OPTIMIZATION_LEVEL = "-Onone";
			};
			name = Debug;
		};
		1A000000000000000000000A /* Release */ = {
			isa = XCBuildConfiguration;
			buildSettings = {
				ALWAYS_SEARCH_USER_PATHS = NO;
				CLANG_ANALYZER_NONNULL = YES;
				CLANG_ANALYZER_NUMBER_OBJECT_CONVERSION = YES_AGGRESSIVE;
				CLANG_CXX_LANGUAGE_STANDARD = "gnu++20";
				CLANG_ENABLE_MODULES = YES;
				CLANG_ENABLE_OBJC_ARC = YES;
				CLANG_ENABLE_OBJC_WEAK = YES;
				CLANG_WARN_BLOCK_CAPTURE_AUTORELEASING = YES;
				CLANG_WARN_BOOL_CONVERSION = YES;
				CLANG_WARN_COMMA = YES;
				CLANG_WARN_CONSTANT_CONVERSION = YES;
				CLANG_WARN_DEPRECATED_OBJC_IMPLEMENTATIONS = YES;
				CLANG_WARN_DIRECT_OBJC_ISA_USAGE = YES_ERROR;
				CLANG_WARN_DOCUMENTATION_COMMENTS = YES;
				CLANG_WARN_EMPTY_BODY = YES;
				CLANG_WARN_ENUM_CONVERSION = YES;
				CLANG_WARN_INFINITE_RECURSION = YES;
				CLANG_WARN_INT_CONVERSION = YES;
				CLANG_WARN_NON_LITERAL_NULL_CONVERSION = YES;
				CLANG_WARN_OBJC_IMPLICIT_RETAIN_SELF = YES;
				CLANG_WARN_OBJC_LITERAL_CONVERSION = YES;
				CLANG_WARN_OBJC_ROOT_CLASS = YES_ERROR;
				CLANG_WARN_QUOTED_INCLUDE_IN_FRAMEWORK_HEADER = YES;
				CLANG_WARN_RANGE_LOOP_ANALYSIS = YES;
				CLANG_WARN_STRICT_PROTOTYPES = YES;
				CLANG_WARN_SUSPICIOUS_MOVE = YES;
				CLANG_WARN_UNGUARDED_AVAILABILITY = YES_AGGRESSIVE;
				CLANG_WARN_UNREACHABLE_CODE = YES;
				CLANG_WARN__DUPLICATE_METHOD_MATCH = YES;
				COPY_PHASE_STRIP = NO;
				DEAD_CODE_STRIPPING = YES;
				DEBUG_INFORMATION_FORMAT = "dwarf-with-dsym";
				DEVELOPMENT_TEAM = A4HHRH8Y9M;
				ENABLE_NS_ASSERTIONS = NO;
				ENABLE_STRICT_OBJC_MSGSEND = YES;
				ENABLE_USER_SCRIPT_SANDBOXING = YES;
				GCC_C_LANGUAGE_STANDARD = gnu17;
				GCC_NO_COMMON_BLOCKS = YES;
				GCC_WARN_64_TO_32_BIT_CONVERSION = YES;
				GCC_WARN_ABOUT_RETURN_TYPE = YES_ERROR;
				GCC_WARN_UNDECLARED_SELECTOR = YES;
				GCC_WARN_UNINITIALIZED_AUTOS = YES_AGGRESSIVE;
				GCC_WARN_UNUSED_FUNCTION = YES;
				GCC_WARN_UNUSED_VARIABLE = YES;
				LOCALIZATION_PREFERS_STRING_CATALOGS = YES;
				MACOSX_DEPLOYMENT_TARGET = 14.0;
				MTL_ENABLE_DEBUG_INFO = NO;
				MTL_FAST_MATH = YES;
				SDKROOT = macosx;
				STRING_CATALOG_GENERATE_SYMBOLS = YES;
				SWIFT_COMPILATION_MODE = wholemodule;
			};
			name = Release;
		};
		1A000000000000000000000B /* Debug */ = {
			isa = XCBuildConfiguration;
			buildSettings = {
				CODE_SIGN_IDENTITY = "Apple Development";
				"CODE_SIGN_IDENTITY[sdk=macosx*]" = "Apple Development";
				CODE_SIGN_STYLE = Automatic;
				COMBINE_HIDPI_IMAGES = YES;
				CURRENT_PROJECT_VERSION = 1;
				ENABLE_HARDENED_RUNTIME = YES;
				GENERATE_INFOPLIST_FILE = YES;
				INFOPLIST_KEY_CFBundleDisplayName = PieSwitcher;
				INFOPLIST_KEY_LSApplicationCategoryType = "public.app-category.productivity";
				INFOPLIST_KEY_LSUIElement = YES;
				INFOPLIST_KEY_NSHumanReadableCopyright = "Copyright (c) 2026 Nikita R. All rights reserved.";
				INFOPLIST_KEY_NSPrincipalClass = NSApplication;
				INFOPLIST_FILE = PieSwitcher/Info.plist;
				LD_RUNPATH_SEARCH_PATHS = (
					"$(inherited)",
					"@executable_path/../Frameworks",
				);
				MACOSX_DEPLOYMENT_TARGET = 14.0;
				MARKETING_VERSION = 0.1.0;
				PRODUCT_BUNDLE_IDENTIFIER = com.mekedron.PieSwitcher;
				PRODUCT_NAME = "$(TARGET_NAME)";
				PROVISIONING_PROFILE_SPECIFIER = "";
				SWIFT_EMIT_LOC_STRINGS = YES;
				SWIFT_VERSION = 5.0;
			};
			name = Debug;
		};
		1A000000000000000000000C /* Release */ = {
			isa = XCBuildConfiguration;
			buildSettings = {
				CODE_SIGN_IDENTITY = "Apple Development";
				"CODE_SIGN_IDENTITY[sdk=macosx*]" = "Apple Development";
				CODE_SIGN_STYLE = Automatic;
				COMBINE_HIDPI_IMAGES = YES;
				CURRENT_PROJECT_VERSION = 1;
				ENABLE_HARDENED_RUNTIME = YES;
				GENERATE_INFOPLIST_FILE = YES;
				INFOPLIST_KEY_CFBundleDisplayName = PieSwitcher;
				INFOPLIST_KEY_LSApplicationCategoryType = "public.app-category.productivity";
				INFOPLIST_KEY_LSUIElement = YES;
				INFOPLIST_KEY_NSHumanReadableCopyright = "Copyright (c) 2026 Nikita R. All rights reserved.";
				INFOPLIST_KEY_NSPrincipalClass = NSApplication;
				INFOPLIST_FILE = PieSwitcher/Info.plist;
				LD_RUNPATH_SEARCH_PATHS = (
					"$(inherited)",
					"@executable_path/../Frameworks",
				);
				MACOSX_DEPLOYMENT_TARGET = 14.0;
				MARKETING_VERSION = 0.1.0;
				PRODUCT_BUNDLE_IDENTIFIER = com.mekedron.PieSwitcher;
				PRODUCT_NAME = "$(TARGET_NAME)";
				PROVISIONING_PROFILE_SPECIFIER = "";
				SWIFT_EMIT_LOC_STRINGS = YES;
				SWIFT_VERSION = 5.0;
			};
			name = Release;
		};
		1A000000000000000000001E /* Debug */ = {
			isa = XCBuildConfiguration;
			buildSettings = {
				ALWAYS_SEARCH_USER_PATHS = NO;
				BUNDLE_LOADER = "$(TEST_HOST)";
				CODE_SIGN_IDENTITY = "Apple Development";
				CODE_SIGN_STYLE = Automatic;
				CURRENT_PROJECT_VERSION = 1;
				GENERATE_INFOPLIST_FILE = YES;
				MACOSX_DEPLOYMENT_TARGET = 14.0;
				MARKETING_VERSION = 0.1.0;
				PRODUCT_BUNDLE_IDENTIFIER = com.mekedron.PieSwitcherTests;
				PRODUCT_NAME = "$(TARGET_NAME)";
				PROVISIONING_PROFILE_SPECIFIER = "";
				SWIFT_EMIT_LOC_STRINGS = NO;
				SWIFT_VERSION = 5.0;
				TEST_HOST = "$(BUILT_PRODUCTS_DIR)/PieSwitcher.app/Contents/MacOS/PieSwitcher";
			};
			name = Debug;
		};
		1A000000000000000000001F /* Release */ = {
			isa = XCBuildConfiguration;
			buildSettings = {
				ALWAYS_SEARCH_USER_PATHS = NO;
				BUNDLE_LOADER = "$(TEST_HOST)";
				CODE_SIGN_IDENTITY = "Apple Development";
				CODE_SIGN_STYLE = Automatic;
				CURRENT_PROJECT_VERSION = 1;
				GENERATE_INFOPLIST_FILE = YES;
				MACOSX_DEPLOYMENT_TARGET = 14.0;
				MARKETING_VERSION = 0.1.0;
				PRODUCT_BUNDLE_IDENTIFIER = com.mekedron.PieSwitcherTests;
				PRODUCT_NAME = "$(TARGET_NAME)";
				PROVISIONING_PROFILE_SPECIFIER = "";
				SWIFT_EMIT_LOC_STRINGS = NO;
				SWIFT_VERSION = 5.0;
				TEST_HOST = "$(BUILT_PRODUCTS_DIR)/PieSwitcher.app/Contents/MacOS/PieSwitcher";
			};
			name = Release;
		};
/* End XCBuildConfiguration section */

/* Begin XCConfigurationList section */
		1A0000000000000000000007 /* Build configuration list for PBXProject "PieSwitcher" */ = {
			isa = XCConfigurationList;
			buildConfigurations = (
				1A0000000000000000000009 /* Debug */,
				1A000000000000000000000A /* Release */,
			);
			defaultConfigurationIsVisible = 0;
			defaultConfigurationName = Release;
		};
		1A0000000000000000000008 /* Build configuration list for PBXNativeTarget "PieSwitcher" */ = {
			isa = XCConfigurationList;
			buildConfigurations = (
				1A000000000000000000000B /* Debug */,
				1A000000000000000000000C /* Release */,
			);
			defaultConfigurationIsVisible = 0;
			defaultConfigurationName = Release;
		};
		1A0000000000000000000020 /* Build configuration list for PBXNativeTarget "PieSwitcherTests" */ = {
			isa = XCConfigurationList;
			buildConfigurations = (
				1A000000000000000000001E /* Debug */,
				1A000000000000000000001F /* Release */,
			);
			defaultConfigurationIsVisible = 0;
			defaultConfigurationName = Release;
		};
/* End XCConfigurationList section */

/* Begin XCRemoteSwiftPackageReference section */
		1A00000000000000000000F4 /* XCRemoteSwiftPackageReference "Sparkle" */ = {
			isa = XCRemoteSwiftPackageReference;
			repositoryURL = "https://github.com/sparkle-project/Sparkle";
			requirement = {
				kind = upToNextMajorVersion;
				minimumVersion = 2.6.0;
			};
		};
/* End XCRemoteSwiftPackageReference section */

/* Begin XCSwiftPackageProductDependency section */
		1A00000000000000000000F2 /* Sparkle */ = {
			isa = XCSwiftPackageProductDependency;
			package = 1A00000000000000000000F4 /* XCRemoteSwiftPackageReference "Sparkle" */;
			productName = Sparkle;
		};
/* End XCSwiftPackageProductDependency section */
	};
	rootObject = 1A0000000000000000000001 /* Project object */;
}
